// !$*UTF8*$!
{
	archiveVersion = 1;
	classes = {
	};
	objectVersion = 48;
	objects = {

/* Begin PBXBuildFile section */
		BB04336E203DDEEC00E35E61 /* AppDelegate.swift in Sources */ = {isa = PBXBuildFile; fileRef = BB04336D203DDEEC00E35E61 /* AppDelegate.swift */; };
		BB043370203DDEEC00E35E61 /* ViewController.swift in Sources */ = {isa = PBXBuildFile; fileRef = BB04336F203DDEEC00E35E61 /* ViewController.swift */; };
		BB043373203DDEEC00E35E61 /* Main.storyboard in Resources */ = {isa = PBXBuildFile; fileRef = BB043371203DDEEC00E35E61 /* Main.storyboard */; };
		BB043375203DDEEC00E35E61 /* Assets.xcassets in Resources */ = {isa = PBXBuildFile; fileRef = BB043374203DDEEC00E35E61 /* Assets.xcassets */; };
		BB043378203DDEEC00E35E61 /* LaunchScreen.storyboard in Resources */ = {isa = PBXBuildFile; fileRef = BB043376203DDEEC00E35E61 /* LaunchScreen.storyboard */; };
		BB043383203DDEEC00E35E61 /* DiceeTests.swift in Sources */ = {isa = PBXBuildFile; fileRef = BB043382203DDEEC00E35E61 /* DiceeTests.swift */; };
		BB04338E203DDEEC00E35E61 /* DiceeUITests.swift in Sources */ = {isa = PBXBuildFile; fileRef = BB04338D203DDEEC00E35E61 /* DiceeUITests.swift */; };
/* End PBXBuildFile section */

/* Begin PBXContainerItemProxy section */
		BB04337F203DDEEC00E35E61 /* PBXContainerItemProxy */ = {
			isa = PBXContainerItemProxy;
			containerPortal = BB043362203DDEEC00E35E61 /* Project object */;
			proxyType = 1;
			remoteGlobalIDString = BB043369203DDEEC00E35E61;
			remoteInfo = Dicee;
		};
		BB04338A203DDEEC00E35E61 /* PBXContainerItemProxy */ = {
			isa = PBXContainerItemProxy;
			containerPortal = BB043362203DDEEC00E35E61 /* Project object */;
			proxyType = 1;
			remoteGlobalIDString = BB043369203DDEEC00E35E61;
			remoteInfo = Dicee;
		};
/* End PBXContainerItemProxy section */

/* Begin PBXFileReference section */
		BB04336A203DDEEC00E35E61 /* Dicee.app */ = {isa = PBXFileReference; explicitFileType = wrapper.application; includeInIndex = 0; path = Dicee.app; sourceTree = BUILT_PRODUCTS_DIR; };
		BB04336D203DDEEC00E35E61 /* AppDelegate.swift */ = {isa = PBXFileReference; lastKnownFileType = sourcecode.swift; path = AppDelegate.swift; sourceTree = "<group>"; };
		BB04336F203DDEEC00E35E61 /* ViewController.swift */ = {isa = PBXFileReference; lastKnownFileType = sourcecode.swift; path = ViewController.swift; sourceTree = "<group>"; };
		BB043372203DDEEC00E35E61 /* Base */ = {isa = PBXFileReference; lastKnownFileType = file.storyboard; name = Base; path = Base.lproj/Main.storyboard; sourceTree = "<group>"; };
		BB043374203DDEEC00E35E61 /* Assets.xcassets */ = {isa = PBXFileReference; lastKnownFileType = folder.assetcatalog; path = Assets.xcassets; sourceTree = "<group>"; };
		BB043377203DDEEC00E35E61 /* Base */ = {isa = PBXFileReference; lastKnownFileType = file.storyboard; name = Base; path = Base.lproj/LaunchScreen.storyboard; sourceTree = "<group>"; };
		BB043379203DDEEC00E35E61 /* Info.plist */ = {isa = PBXFileReference; lastKnownFileType = text.plist.xml; path = Info.plist; sourceTree = "<group>"; };
		BB04337E203DDEEC00E35E61 /* DiceeTests.xctest */ = {isa = PBXFileReference; explicitFileType = wrapper.cfbundle; includeInIndex = 0; path = DiceeTests.xctest; sourceTree = BUILT_PRODUCTS_DIR; };
		BB043382203DDEEC00E35E61 /* DiceeTests.swift */ = {isa = PBXFileReference; lastKnownFileType = sourcecode.swift; path = DiceeTests.swift; sourceTree = "<group>"; };
		BB043384203DDEEC00E35E61 /* Info.plist */ = {isa = PBXFileReference; lastKnownFileType = text.plist.xml; path = Info.plist; sourceTree = "<group>"; };
		BB043389203DDEEC00E35E61 /* DiceeUITests.xctest */ = {isa = PBXFileReference; explicitFileType = wrapper.cfbundle; includeInIndex = 0; path = DiceeUITests.xctest; sourceTree = BUILT_PRODUCTS_DIR; };
		BB04338D203DDEEC00E35E61 /* DiceeUITests.swift */ = {isa = PBXFileReference; lastKnownFileType = sourcecode.swift; path = DiceeUITests.swift; sourceTree = "<group>"; };
		BB04338F203DDEEC00E35E61 /* Info.plist */ = {isa = PBXFileReference; lastKnownFileType = text.plist.xml; path = Info.plist; sourceTree = "<group>"; };
/* End PBXFileReference section */

/* Begin PBXFrameworksBuildPhase section */
		BB043367203DDEEC00E35E61 /* Frameworks */ = {
			isa = PBXFrameworksBuildPhase;
			buildActionMask = 2147483647;
			files = (
			);
			runOnlyForDeploymentPostprocessing = 0;
		};
		BB04337B203DDEEC00E35E61 /* Frameworks */ = {
			isa = PBXFrameworksBuildPhase;
			buildActionMask = 2147483647;
			files = (
			);
			runOnlyForDeploymentPostprocessing = 0;
		};
		BB043386203DDEEC00E35E61 /* Frameworks */ = {
			isa = PBXFrameworksBuildPhase;
			buildActionMask = 2147483647;
			files = (
			);
			runOnlyForDeploymentPostprocessing = 0;
		};
/* End PBXFrameworksBuildPhase section */

/* Begin PBXGroup section */
		BB043361203DDEEC00E35E61 = {
			isa = PBXGroup;
			children = (
				BB04336C203DDEEC00E35E61 /* Dicee */,
				BB043381203DDEEC00E35E61 /* DiceeTests */,
				BB04338C203DDEEC00E35E61 /* DiceeUITests */,
				BB04336B203DDEEC00E35E61 /* Products */,
			);
			sourceTree = "<group>";
		};
		BB04336B203DDEEC00E35E61 /* Products */ = {
			isa = PBXGroup;
			children = (
				BB04336A203DDEEC00E35E61 /* Dicee.app */,
				BB04337E203DDEEC00E35E61 /* DiceeTests.xctest */,
				BB043389203DDEEC00E35E61 /* DiceeUITests.xctest */,
			);
			name = Products;
			sourceTree = "<group>";
		};
		BB04336C203DDEEC00E35E61 /* Dicee */ = {
			isa = PBXGroup;
			children = (
				BB04336D203DDEEC00E35E61 /* AppDelegate.swift */,
				BB04336F203DDEEC00E35E61 /* ViewController.swift */,
				BB043371203DDEEC00E35E61 /* Main.storyboard */,
				BB043374203DDEEC00E35E61 /* Assets.xcassets */,
				BB043376203DDEEC00E35E61 /* LaunchScreen.storyboard */,
				BB043379203DDEEC00E35E61 /* Info.plist */,
			);
			path = Dicee;
			sourceTree = "<group>";
		};
		BB043381203DDEEC00E35E61 /* DiceeTests */ = {
			isa = PBXGroup;
			children = (
				BB043382203DDEEC00E35E61 /* DiceeTests.swift */,
				BB043384203DDEEC00E35E61 /* Info.plist */,
			);
			path = DiceeTests;
			sourceTree = "<group>";
		};
		BB04338C203DDEEC00E35E61 /* DiceeUITests */ = {
			isa = PBXGroup;
			children = (
				BB04338D203DDEEC00E35E61 /* DiceeUITests.swift */,
				BB04338F203DDEEC00E35E61 /* Info.plist */,
			);
			path = DiceeUITests;
			sourceTree = "<group>";
		};
/* End PBXGroup section */

/* Begin PBXNativeTarget section */
		BB043369203DDEEC00E35E61 /* Dicee */ = {
			isa = PBXNativeTarget;
			buildConfigurationList = BB043392203DDEEC00E35E61 /* Build configuration list for PBXNativeTarget "Dicee" */;
			buildPhases = (
				BB043366203DDEEC00E35E61 /* Sources */,
				BB043367203DDEEC00E35E61 /* Frameworks */,
				BB043368203DDEEC00E35E61 /* Resources */,
			);
			buildRules = (
			);
			dependencies = (
			);
			name = Dicee;
			productName = Dicee;
			productReference = BB04336A203DDEEC00E35E61 /* Dicee.app */;
			productType = "com.apple.product-type.application";
		};
		BB04337D203DDEEC00E35E61 /* DiceeTests */ = {
			isa = PBXNativeTarget;
			buildConfigurationList = BB043395203DDEEC00E35E61 /* Build configuration list for PBXNativeTarget "DiceeTests" */;
			buildPhases = (
				BB04337A203DDEEC00E35E61 /* Sources */,
				BB04337B203DDEEC00E35E61 /* Frameworks */,
				BB04337C203DDEEC00E35E61 /* Resources */,
			);
			buildRules = (
			);
			dependencies = (
				BB043380203DDEEC00E35E61 /* PBXTargetDependency */,
			);
			name = DiceeTests;
			productName = DiceeTests;
			productReference = BB04337E203DDEEC00E35E61 /* DiceeTests.xctest */;
			productType = "com.apple.product-type.bundle.unit-test";
		};
		BB043388203DDEEC00E35E61 /* DiceeUITests */ = {
			isa = PBXNativeTarget;
			buildConfigurationList = BB043398203DDEEC00E35E61 /* Build configuration list for PBXNativeTarget "DiceeUITests" */;
			buildPhases = (
				BB043385203DDEEC00E35E61 /* Sources */,
				BB043386203DDEEC00E35E61 /* Frameworks */,
				BB043387203DDEEC00E35E61 /* Resources */,
			);
			buildRules = (
			);
			dependencies = (
				BB04338B203DDEEC00E35E61 /* PBXTargetDependency */,
			);
			name = DiceeUITests;
			productName = DiceeUITests;
			productReference = BB043389203DDEEC00E35E61 /* DiceeUITests.xctest */;
			productType = "com.apple.product-type.bundle.ui-testing";
		};
/* End PBXNativeTarget section */

/* Begin PBXProject section */
		BB043362203DDEEC00E35E61 /* Project object */ = {
			isa = PBXProject;
			attributes = {
				LastSwiftUpdateCheck = 0920;
				LastUpgradeCheck = 0920;
				ORGANIZATIONNAME = "Eduardo De Riquer";
				TargetAttributes = {
					BB043369203DDEEC00E35E61 = {
						CreatedOnToolsVersion = 9.2;
						ProvisioningStyle = Automatic;
					};
					BB04337D203DDEEC00E35E61 = {
						CreatedOnToolsVersion = 9.2;
						ProvisioningStyle = Automatic;
						TestTargetID = BB043369203DDEEC00E35E61;
					};
					BB043388203DDEEC00E35E61 = {
						CreatedOnToolsVersion = 9.2;
						ProvisioningStyle = Automatic;
						TestTargetID = BB043369203DDEEC00E35E61;
					};
				};
			};
			buildConfigurationList = BB043365203DDEEC00E35E61 /* Build configuration list for PBXProject "Dicee" */;
			compatibilityVersion = "Xcode 8.0";
			developmentRegion = en;
			hasScannedForEncodings = 0;
			knownRegions = (
				en,
				Base,
			);
			mainGroup = BB043361203DDEEC00E35E61;
			productRefGroup = BB04336B203DDEEC00E35E61 /* Products */;
			projectDirPath = "";
			projectRoot = "";
			targets = (
				BB043369203DDEEC00E35E61 /* Dicee */,
				BB04337D203DDEEC00E35E61 /* DiceeTests */,
				BB043388203DDEEC00E35E61 /* DiceeUITests */,
			);
		};
/* End PBXProject section */

/* Begin PBXResourcesBuildPhase section */
		BB043368203DDEEC00E35E61 /* Resources */ = {
			isa = PBXResourcesBuildPhase;
			buildActionMask = 2147483647;
			files = (
				BB043378203DDEEC00E35E61 /* LaunchScreen.storyboard in Resources */,
				BB043375203DDEEC00E35E61 /* Assets.xcassets in Resources */,
				BB043373203DDEEC00E35E61 /* Main.storyboard in Resources */,
			);
			runOnlyForDeploymentPostprocessing = 0;
		};
		BB04337C203DDEEC00E35E61 /* Resources */ = {
			isa = PBXResourcesBuildPhase;
			buildActionMask = 2147483647;
			files = (
			);
			runOnlyForDeploymentPostprocessing = 0;
		};
		BB043387203DDEEC00E35E61 /* Resources */ = {
			isa = PBXResourcesBuildPhase;
			buildActionMask = 2147483647;
			files = (
			);
			runOnlyForDeploymentPostprocessing = 0;
		};
/* End PBXResourcesBuildPhase section */

/* Begin PBXSourcesBuildPhase section */
		BB043366203DDEEC00E35E61 /* Sources */ = {
			isa = PBXSourcesBuildPhase;
			buildActionMask = 2147483647;
			files = (
				BB043370203DDEEC00E35E61 /* ViewController.swift in Sources */,
				BB04336E203DDEEC00E35E61 /* AppDelegate.swift in Sources */,
			);
			runOnlyForDeploymentPostprocessing = 0;
		};
		BB04337A203DDEEC00E35E61 /* Sources */ = {
			isa = PBXSourcesBuildPhase;
			buildActionMask = 2147483647;
			files = (
				BB043383203DDEEC00E35E61 /* DiceeTests.swift in Sources */,
			);
			runOnlyForDeploymentPostprocessing = 0;
		};
		BB043385203DDEEC00E35E61 /* Sources */ = {
			isa = PBXSourcesBuildPhase;
			buildActionMask = 2147483647;
			files = (
				BB04338E203DDEEC00E35E61 /* DiceeUITests.swift in Sources */,
			);
			runOnlyForDeploymentPostprocessing = 0;
		};
/* End PBXSourcesBuildPhase section */

/* Begin PBXTargetDependency section */
		BB043380203DDEEC00E35E61 /* PBXTargetDependency */ = {
			isa = PBXTargetDependency;
			target = BB043369203DDEEC00E35E61 /* Dicee */;
			targetProxy = BB04337F203DDEEC00E35E61 /* PBXContainerItemProxy */;
		};
		BB04338B203DDEEC00E35E61 /* PBXTargetDependency */ = {
			isa = PBXTargetDependency;
			target = BB043369203DDEEC00E35E61 /* Dicee */;
			targetProxy = BB04338A203DDEEC00E35E61 /* PBXContainerItemProxy */;
		};
/* End PBXTargetDependency section */

/* Begin PBXVariantGroup section */
		BB043371203DDEEC00E35E61 /* Main.storyboard */ = {
			isa = PBXVariantGroup;
			children = (
				BB043372203DDEEC00E35E61 /* Base */,
			);
			name = Main.storyboard;
			sourceTree = "<group>";
		};
		BB043376203DDEEC00E35E61 /* LaunchScreen.storyboard */ = {
			isa = PBXVariantGroup;
			children = (
				BB043377203DDEEC00E35E61 /* Base */,
			);
			name = LaunchScreen.storyboard;
			sourceTree = "<group>";
		};
/* End PBXVariantGroup section */

/* Begin XCBuildConfiguration section */
		BB043390203DDEEC00E35E61 /* Debug */ = {
			isa = XCBuildConfiguration;
			buildSettings = {
				ALWAYS_SEARCH_USER_PATHS = NO;
				CLANG_ANALYZER_NONNULL = YES;
				CLANG_ANALYZER_NUMBER_OBJECT_CONVERSION = YES_AGGRESSIVE;
				CLANG_CXX_LANGUAGE_STANDARD = "gnu++14";
				CLANG_CXX_LIBRARY = "libc++";
				CLANG_ENABLE_MODULES = YES;
				CLANG_ENABLE_OBJC_ARC = YES;
				CLANG_WARN_BLOCK_CAPTURE_AUTORELEASING = YES;
				CLANG_WARN_BOOL_CONVERSION = YES;
				CLANG_WARN_COMMA = YES;
				CLANG_WARN_CONSTANT_CONVERSION = YES;
				CLANG_WARN_DIRECT_OBJC_ISA_USAGE = YES_ERROR;
				CLANG_WARN_DOCUMENTATION_COMMENTS = YES;
				CLANG_WARN_EMPTY_BODY = YES;
				CLANG_WARN_ENUM_CONVERSION = YES;
				CLANG_WARN_INFINITE_RECURSION = YES;
				CLANG_WARN_INT_CONVERSION = YES;
				CLANG_WARN_NON_LITERAL_NULL_CONVERSION = YES;
				CLANG_WARN_OBJC_LITERAL_CONVERSION = YES;
				CLANG_WARN_OBJC_ROOT_CLASS = YES_ERROR;
				CLANG_WARN_RANGE_LOOP_ANALYSIS = YES;
				CLANG_WARN_STRICT_PROTOTYPES = YES;
				CLANG_WARN_SUSPICIOUS_MOVE = YES;
				CLANG_WARN_UNGUARDED_AVAILABILITY = YES_AGGRESSIVE;
				CLANG_WARN_UNREACHABLE_CODE = YES;
				CLANG_WARN__DUPLICATE_METHOD_MATCH = YES;
				CODE_SIGN_IDENTITY = "iPhone Developer";
				COPY_PHASE_STRIP = NO;
				DEBUG_INFORMATION_FORMAT = dwarf;
				ENABLE_STRICT_OBJC_MSGSEND = YES;
				ENABLE_TESTABILITY = YES;
				GCC_C_LANGUAGE_STANDARD = gnu11;
				GCC_DYNAMIC_NO_PIC = NO;
				GCC_NO_COMMON_BLOCKS = YES;
				GCC_OPTIMIZATION_LEVEL = 0;
				GCC_PREPROCESSOR_DEFINITIONS = (
					"DEBUG=1",
					"$(inherited)",
				);
				GCC_WARN_64_TO_32_BIT_CONVERSION = YES;
				GCC_WARN_ABOUT_RETURN_TYPE = YES_ERROR;
				GCC_WARN_UNDECLARED_SELECTOR = YES;
				GCC_WARN_UNINITIALIZED_AUTOS = YES_AGGRESSIVE;
				GCC_WARN_UNUSED_FUNCTION = YES;
				GCC_WARN_UNUSED_VARIABLE = YES;
				IPHONEOS_DEPLOYMENT_TARGET = 11.2;
				MTL_ENABLE_DEBUG_INFO = YES;
				ONLY_ACTIVE_ARCH = YES;
				SDKROOT = iphoneos;
				SWIFT_ACTIVE_COMPILATION_CONDITIONS = DEBUG;
				SWIFT_OPTIMIZATION_LEVEL = "-Onone";
			};
			name = Debug;
		};
		BB043391203DDEEC00E35E61 /* Release */ = {
			isa = XCBuildConfiguration;
			buildSettings = {
				ALWAYS_SEARCH_USER_PATHS = NO;
				CLANG_ANALYZER_NONNULL = YES;
				CLANG_ANALYZER_NUMBER_OBJECT_CONVERSION = YES_AGGRESSIVE;
				CLANG_CXX_LANGUAGE_STANDARD = "gnu++14";
				CLANG_CXX_LIBRARY = "libc++";
				CLANG_ENABLE_MODULES = YES;
				CLANG_ENABLE_OBJC_ARC = YES;
				CLANG_WARN_BLOCK_CAPTURE_AUTORELEASING = YES;
				CLANG_WARN_BOOL_CONVERSION = YES;
				CLANG_WARN_COMMA = YES;
				CLANG_WARN_CONSTANT_CONVERSION = YES;
				CLANG_WARN_DIRECT_OBJC_ISA_USAGE = YES_ERROR;
				CLANG_WARN_DOCUMENTATION_COMMENTS = YES;
				CLANG_WARN_EMPTY_BODY = YES;
				CLANG_WARN_ENUM_CONVERSION = YES;
				CLANG_WARN_INFINITE_RECURSION = YES;
				CLANG_WARN_INT_CONVERSION = YES;
				CLANG_WARN_NON_LITERAL_NULL_CONVERSION = YES;
				CLANG_WARN_OBJC_LITERAL_CONVERSION = YES;
				CLANG_WARN_OBJC_ROOT_CLASS = YES_ERROR;
				CLANG_WARN_RANGE_LOOP_ANALYSIS = YES;
				CLANG_WARN_STRICT_PROTOTYPES = YES;
				CLANG_WARN_SUSPICIOUS_MOVE = YES;
				CLANG_WARN_UNGUARDED_AVAILABILITY = YES_AGGRESSIVE;
				CLANG_WARN_UNREACHABLE_CODE = YES;
				CLANG_WARN__DUPLICATE_METHOD_MATCH = YES;
				CODE_SIGN_IDENTITY = "iPhone Developer";
				COPY_PHASE_STRIP = NO;
				DEBUG_INFORMATION_FORMAT = "dwarf-with-dsym";
				ENABLE_NS_ASSERTIONS = NO;
				ENABLE_STRICT_OBJC_MSGSEND = YES;
				GCC_C_LANGUAGE_STANDARD = gnu11;
				GCC_NO_COMMON_BLOCKS = YES;
				GCC_WARN_64_TO_32_BIT_CONVERSION = YES;
				GCC_WARN_ABOUT_RETURN_TYPE = YES_ERROR;
				GCC_WARN_UNDECLARED_SELECTOR = YES;
				GCC_WARN_UNINITIALIZED_AUTOS = YES_AGGRESSIVE;
				GCC_WARN_UNUSED_FUNCTION = YES;
				GCC_WARN_UNUSED_VARIABLE = YES;
				IPHONEOS_DEPLOYMENT_TARGET = 11.2;
				MTL_ENABLE_DEBUG_INFO = NO;
				SDKROOT = iphoneos;
				SWIFT_OPTIMIZATION_LEVEL = "-Owholemodule";
				VALIDATE_PRODUCT = YES;
			};
			name = Release;
		};
		BB043393203DDEEC00E35E61 /* Debug */ = {
			isa = XCBuildConfiguration;
			buildSettings = {
				ASSETCATALOG_COMPILER_APPICON_NAME = AppIcon;
				CODE_SIGN_STYLE = Automatic;
				DEVELOPMENT_TEAM = 96Q933466H;
				INFOPLIST_FILE = Dicee/Info.plist;
				LD_RUNPATH_SEARCH_PATHS = "$(inherited) @executable_path/Frameworks";
				PRODUCT_BUNDLE_IDENTIFIER = EDRF.Dicee;
				PRODUCT_NAME = "$(TARGET_NAME)";
				SWIFT_VERSION = 4.0;
				TARGETED_DEVICE_FAMILY = "1,2";
			};
			name = Debug;
		};
		BB043394203DDEEC00E35E61 /* Release */ = {
			isa = XCBuildConfiguration;
			buildSettings = {
				ASSETCATALOG_COMPILER_APPICON_NAME = AppIcon;
				CODE_SIGN_STYLE = Automatic;
				DEVELOPMENT_TEAM = 96Q933466H;
				INFOPLIST_FILE = Dicee/Info.plist;
				LD_RUNPATH_SEARCH_PATHS = "$(inherited) @executable_path/Frameworks";
				PRODUCT_BUNDLE_IDENTIFIER = EDRF.Dicee;
				PRODUCT_NAME = "$(TARGET_NAME)";
				SWIFT_VERSION = 4.0;
				TARGETED_DEVICE_FAMILY = "1,2";
			};
			name = Release;
		};
		BB043396203DDEEC00E35E61 /* Debug */ = {
			isa = XCBuildConfiguration;
			buildSettings = {
				ALWAYS_EMBED_SWIFT_STANDARD_LIBRARIES = YES;
				BUNDLE_LOADER = "$(TEST_HOST)";
				CODE_SIGN_STYLE = Automatic;
				DEVELOPMENT_TEAM = 96Q933466H;
				INFOPLIST_FILE = DiceeTests/Info.plist;
				LD_RUNPATH_SEARCH_PATHS = "$(inherited) @executable_path/Frameworks @loader_path/Frameworks";
				PRODUCT_BUNDLE_IDENTIFIER = EDRF.DiceeTests;
				PRODUCT_NAME = "$(TARGET_NAME)";
				SWIFT_VERSION = 4.0;
				TARGETED_DEVICE_FAMILY = "1,2";
				TEST_HOST = "$(BUILT_PRODUCTS_DIR)/Dicee.app/Dicee";
			};
			name = Debug;
		};
		BB043397203DDEEC00E35E61 /* Release */ = {
			isa = XCBuildConfiguration;
			buildSettings = {
				ALWAYS_EMBED_SWIFT_STANDARD_LIBRARIES = YES;
				BUNDLE_LOADER = "$(TEST_HOST)";
				CODE_SIGN_STYLE = Automatic;
				DEVELOPMENT_TEAM = 96Q933466H;
				INFOPLIST_FILE = DiceeTests/Info.plist;
				LD_RUNPATH_SEARCH_PATHS = "$(inherited) @executable_path/Frameworks @loader_path/Frameworks";
				PRODUCT_BUNDLE_IDENTIFIER = EDRF.DiceeTests;
				PRODUCT_NAME = "$(TARGET_NAME)";
				SWIFT_VERSION = 4.0;
				TARGETED_DEVICE_FAMILY = "1,2";
				TEST_HOST = "$(BUILT_PRODUCTS_DIR)/Dicee.app/Dicee";
			};
			name = Release;
		};
		BB043399203DDEEC00E35E61 /* Debug */ = {
			isa = XCBuildConfiguration;
			buildSettings = {
				ALWAYS_EMBED_SWIFT_STANDARD_LIBRARIES = YES;
				CODE_SIGN_STYLE = Automatic;
				DEVELOPMENT_TEAM = 96Q933466H;
				INFOPLIST_FILE = DiceeUITests/Info.plist;
				LD_RUNPATH_SEARCH_PATHS = "$(inherited) @executable_path/Frameworks @loader_path/Frameworks";
				PRODUCT_BUNDLE_IDENTIFIER = EDRF.DiceeUITests;
				PRODUCT_NAME = "$(TARGET_NAME)";
				SWIFT_VERSION = 4.0;
				TARGETED_DEVICE_FAMILY = "1,2";
				TEST_TARGET_NAME = Dicee;
			};
			name = Debug;
		};
		BB04339A203DDEEC00E35E61 /* Release */ = {
			isa = XCBuildConfiguration;
			buildSettings = {
				ALWAYS_EMBED_SWIFT_STANDARD_LIBRARIES = YES;
				CODE_SIGN_STYLE = Automatic;
				DEVELOPMENT_TEAM = 96Q933466H;
				INFOPLIST_FILE = DiceeUITests/Info.plist;
				LD_RUNPATH_SEARCH_PATHS = "$(inherited) @executable_path/Frameworks @loader_path/Frameworks";
				PRODUCT_BUNDLE_IDENTIFIER = EDRF.DiceeUITests;
				PRODUCT_NAME = "$(TARGET_NAME)";
				SWIFT_VERSION = 4.0;
				TARGETED_DEVICE_FAMILY = "1,2";
				TEST_TARGET_NAME = Dicee;
			};
			name = Release;
		};
/* End XCBuildConfiguration section */

/* Begin XCConfigurationList section */
		BB043365203DDEEC00E35E61 /* Build configuration list for PBXProject "Dicee" */ = {
			isa = XCConfigurationList;
			buildConfigurations = (
				BB043390203DDEEC00E35E61 /* Debug */,
				BB043391203DDEEC00E35E61 /* Release */,
			);
			defaultConfigurationIsVisible = 0;
			defaultConfigurationName = Release;
		};
		BB043392203DDEEC00E35E61 /* Build configuration list for PBXNativeTarget "Dicee" */ = {
			isa = XCConfigurationList;
			buildConfigurations = (
				BB043393203DDEEC00E35E61 /* Debug */,
				BB043394203DDEEC00E35E61 /* Release */,
			);
			defaultConfigurationIsVisible = 0;
			defaultConfigurationName = Release;
		};
		BB043395203DDEEC00E35E61 /* Build configuration list for PBXNativeTarget "DiceeTests" */ = {
			isa = XCConfigurationList;
			buildConfigurations = (
				BB043396203DDEEC00E35E61 /* Debug */,
				BB043397203DDEEC00E35E61 /* Release */,
			);
			defaultConfigurationIsVisible = 0;
			defaultConfigurationName = Release;
		};
		BB043398203DDEEC00E35E61 /* Build configuration list for PBXNativeTarget "DiceeUITests" */ = {
			isa = XCConfigurationList;
			buildConfigurations = (
				BB043399203DDEEC00E35E61 /* Debug */,
				BB04339A203DDEEC00E35E61 /* Release */,
			);
			defaultConfigurationIsVisible = 0;
			defaultConfigurationName = Release;
		};
/* End XCConfigurationList section */
	};
	rootObject = BB043362203DDEEC00E35E61 /* Project object */;
}
